{
  "version": 4,
  "terraform_version": "1.9.6",
  "serial": 2,
  "lineage": "b4ab7660-186d-53cb-2681-9550db4228a1",
  "outputs": {
    "vpcid": {
      "value": "vpc-0bb67da8aecfdbd46",
      "type": "string"
    }
  },
  "resources": [
    {
      "mode": "managed",
      "type": "aws_vpc",
      "name": "myvpc",
      "provider": "provider[\"registry.terraform.io/hashicorp/aws\"]",
      "instances": [
        {
          "schema_version": 1,
          "attributes": {
            "arn": "arn:aws:ec2:us-east-1:396608783556:vpc/vpc-0bb67da8aecfdbd46",
            "assign_generated_ipv6_cidr_block": false,
            "cidr_block": "10.22.0.0/16",
            "default_network_acl_id": "acl-0269767acfe2def57",
            "default_route_table_id": "rtb-083fc18972f744ba7",
            "default_security_group_id": "sg-022b8c4437081da94",
            "dhcp_options_id": "dopt-070c6f794bc7c4498",
            "enable_dns_hostnames": false,
            "enable_dns_support": true,
            "enable_network_address_usage_metrics": false,
            "id": "vpc-0bb67da8aecfdbd46",
            "instance_tenancy": "default",
            "ipv4_ipam_pool_id": null,
            "ipv4_netmask_length": null,
            "ipv6_association_id": "",
            "ipv6_cidr_block": "",
            "ipv6_cidr_block_network_border_group": "",
            "ipv6_ipam_pool_id": "",
            "ipv6_netmask_length": 0,
            "main_route_table_id": "rtb-083fc18972f744ba7",
            "owner_id": "396608783556",
            "tags": {
              "name": "curtis"
            },
            "tags_all": {
              "name": "curtis"
            }
          },
          "sensitive_attributes": [],
          "private": "eyJzY2hlbWFfdmVyc2lvbiI6IjEifQ=="
        }
      ]
    }
  ],
  "check_results": null
}
